
Microsoft Visual Studio Solution File, Format Version 12.00
# Visual Studio 15
VisualStudioVersion = 15.0.28307.271
MinimumVisualStudioVersion = 10.0.40219.1
Project("{FAE04EC0-301F-11D3-BF4B-00C04F79EFBC}") = "MyOOPLesson", "MyOOPLesson\MyOOPLesson.csproj", "{C78BA602-8F80-49EC-9C30-329D8A6B6BE8}"
EndProject
Global
	GlobalSection(SolutionConfigurationPlatforms) = preSolution
		Debug|Any CPU = Debug|Any CPU
		Release|Any CPU = Release|Any CPU
	EndGlobalSection
	GlobalSection(ProjectConfigurationPlatforms) = postSolution
		{C78BA602-8F80-49EC-9C30-329D8A6B6BE8}.Debug|Any CPU.ActiveCfg = Debug|Any CPU
		{C78BA602-8F80-49EC-9C30-329D8A6B6BE8}.Debug|Any CPU.Build.0 = Debug|Any CPU
		{C78BA602-8F80-49EC-9C30-329D8A6B6BE8}.Release|Any CPU.ActiveCfg = Release|Any CPU
		{C78BA602-8F80-49EC-9C30-329D8A6B6BE8}.Release|Any CPU.Build.0 = Release|Any CPU
	EndGlobalSection
	GlobalSection(SolutionProperties) = preSolution
		HideSolutionNode = FALSE
	EndGlobalSection
	GlobalSection(ExtensibilityGlobals) = postSolution
		SolutionGuid = {1BFA7E34-E283-4283-BED7-985B3ECFAC0D}
	EndGlobalSection
EndGlobal
